{
  "name": "ethanet",
  "lockfileVersion": 3,
  "requires": true,
  "packages": {
    "": {
      "dependencies": {
        "jison-lex": "^0.3.4"
      }
    },
    "node_modules/colors": {
      "version": "0.5.1",
      "resolved": "https://registry.npmjs.org/colors/-/colors-0.5.1.tgz",
      "integrity": "sha512-XjsuUwpDeY98+yz959OlUK6m7mLBM+1MEG5oaenfuQnNnrQk1WvtcvFgN3FNDP3f2NmZ211t0mNEfSEN1h0eIg==",
      "engines": {
        "node": ">=0.1.90"
      }
    },
    "node_modules/jison-lex": {
      "version": "0.3.4",
      "resolved": "https://registry.npmjs.org/jison-lex/-/jison-lex-0.3.4.tgz",
      "integrity": "sha512-EBh5wrXhls1cUwROd5DcDHR1sG7CdsCFSqY1027+YA1RGxz+BX2TDLAhdsQf40YEtFDGoiO0Qm8PpnBl2EzDJw==",
      "dependencies": {
        "lex-parser": "0.1.x",
        "nomnom": "1.5.2"
      },
      "bin": {
        "jison-lex": "cli.js"
      },
      "engines": {
        "node": ">=0.4"
      }
    },
    "node_modules/lex-parser": {
      "version": "0.1.4",
      "resolved": "https://registry.npmjs.org/lex-parser/-/lex-parser-0.1.4.tgz",
      "integrity": "sha512-DuAEISsr1H4LOpmFLkyMc8YStiRWZCO8hMsoXAXSbgyfvs2WQhSt0+/FBv3ZU/JBFZMGcE+FWzEBSzwUU7U27w=="
    },
    "node_modules/nomnom": {
      "version": "1.5.2",
      "resolved": "https://registry.npmjs.org/nomnom/-/nomnom-1.5.2.tgz",
      "integrity": "sha512-fiVbT7BqxiQqjlR9U3FDGOSERFCKoXVCdxV2FwZuNN7/cmJ42iQx35nUFOAFDcyvemu9Adp+IlsCGlKQYLmBKw==",
      "deprecated": "Package no longer supported. Contact support@npmjs.com for more info.",
      "dependencies": {
        "colors": "0.5.x",
        "underscore": "1.1.x"
      },
      "engines": {
        "node": "*"
      }
    },
    "node_modules/underscore": {
      "version": "1.1.7",
      "resolved": "https://registry.npmjs.org/underscore/-/underscore-1.1.7.tgz",
      "integrity": "sha512-w4QtCHoLBXw1mjofIDoMyexaEdWGMedWNDhlWTtT1V1lCRqi65Pnoygkh6+WRdr+Bm8ldkBNkNeCsXGMlQS9HQ==",
      "engines": {
        "node": "*"
      }
    }
  }
}
